
Microsoft Visual Studio Solution File, Format Version 12.00
# Visual Studio Version 17
VisualStudioVersion = 17.8.34525.116
MinimumVisualStudioVersion = 10.0.40219.1
Project("{9A19103F-16F7-4668-BE54-9A1E7A4F7556}") = "testProject", "testProject\testProject.csproj", "{F94BCA35-78A5-41A7-8B18-F9EFAC812F11}"
EndProject
Project("{FAE04EC0-301F-11D3-BF4B-00C04F79EFBC}") = "ApiProject", "ApiProject\ApiProject.csproj", "{B568E5AD-117A-49B4-B608-593452B55364}"
EndProject
Global
	GlobalSection(SolutionConfigurationPlatforms) = preSolution
		Debug|Any CPU = Debug|Any CPU
		Release|Any CPU = Release|Any CPU
	EndGlobalSection
	GlobalSection(ProjectConfigurationPlatforms) = postSolution
		{F94BCA35-78A5-41A7-8B18-F9EFAC812F11}.Debug|Any CPU.ActiveCfg = Debug|Any CPU
		{F94BCA35-78A5-41A7-8B18-F9EFAC812F11}.Debug|Any CPU.Build.0 = Debug|Any CPU
		{F94BCA35-78A5-41A7-8B18-F9EFAC812F11}.Release|Any CPU.ActiveCfg = Release|Any CPU
		{F94BCA35-78A5-41A7-8B18-F9EFAC812F11}.Release|Any CPU.Build.0 = Release|Any CPU
		{B568E5AD-117A-49B4-B608-593452B55364}.Debug|Any CPU.ActiveCfg = Debug|Any CPU
		{B568E5AD-117A-49B4-B608-593452B55364}.Debug|Any CPU.Build.0 = Debug|Any CPU
		{B568E5AD-117A-49B4-B608-593452B55364}.Release|Any CPU.ActiveCfg = Release|Any CPU
		{B568E5AD-117A-49B4-B608-593452B55364}.Release|Any CPU.Build.0 = Release|Any CPU
	EndGlobalSection
	GlobalSection(SolutionProperties) = preSolution
		HideSolutionNode = FALSE
	EndGlobalSection
	GlobalSection(ExtensibilityGlobals) = postSolution
		SolutionGuid = {D8C2AEA6-A7B6-40E1-A221-08EBB46C9647}
	EndGlobalSection
EndGlobal
